# THIS IS AN AUTOGENERATED FILE. DO NOT EDIT THIS FILE DIRECTLY.
# yarn lockfile v1


uikit@^3.3.0:
  version "3.3.0"
  resolved "https://registry.yarnpkg.com/uikit/-/uikit-3.3.0.tgz#1e458e95d0ad9f97cffadd74373a623f2865d344"
  integrity sha512-NQ9fYX+ZCp6RC1ixEZWq59QFrs+PvmnquGia0p7wAb94FHE8baRkyLpURGQMQZsabWE4xgnL+tpKSG6DTAf35A==
